{
  "name": "vuedemo",
  "version": "0.0.1",
  "lockfileVersion": 1,
  "requires": true,
  "dependencies": {
    "@babel/runtime": {
      "version": "7.7.7",
      "resolved": "http://172.19.12.171:4873/@babel%2fruntime/-/runtime-7.7.7.tgz",
      "integrity": "sha1-GUdpyo1td5DsI2Ba+e4+QqCqec8=",
      "requires": {
        "regenerator-runtime": "^0.13.2"
      },
      "dependencies": {
        "regenerator-runtime": {
          "version": "0.13.3",
          "resolved": "http://172.19.12.171:4873/regenerator-runtime/-/regenerator-runtime-0.13.3.tgz",
          "integrity": "sha1-fPanfY9cb2Drc8X8GVWyzrAea/U="
        }
      }
    },
    "async-validator": {
      "version": "1.8.5",
      "resolved": "http://172.19.12.171:4873/async-validator/-/async-validator-1.8.5.tgz",
      "integrity": "sha1-3D4I7B/Q3dtn5ghC8CwM0c7G1/A=",
      "requires": {
        "babel-runtime": "6.x"
      }
    },
    "babel-helper-vue-jsx-merge-props": {
      "version": "2.0.3",
      "resolved": "http://172.19.12.171:4873/babel-helper-vue-jsx-merge-props/-/babel-helper-vue-jsx-merge-props-2.0.3.tgz",
      "integrity": "sha1-Iq69OzOQIyjlEyk6jkmSs4T58bY="
    },
    "babel-runtime": {
      "version": "6.26.0",
      "resolved": "http://172.19.12.171:4873/babel-runtime/-/babel-runtime-6.26.0.tgz",
      "integrity": "sha1-llxwWGaOgrVde/4E/yM3vItWR/4=",
      "requires": {
        "core-js": "^2.4.0",
        "regenerator-runtime": "^0.11.0"
      }
    },
    "batch-processor": {
      "version": "1.0.0",
      "resolved": "http://172.19.12.171:4873/batch-processor/-/batch-processor-1.0.0.tgz",
      "integrity": "sha1-dclcMrdI4IUNEMKxaPa9vpiRrOg="
    },
    "core-js": {
      "version": "2.6.11",
      "resolved": "http://172.19.12.171:4873/core-js/-/core-js-2.6.11.tgz",
      "integrity": "sha1-OIMUafmSK97Y7iHJ3EaYXgOZMIw="
    },
    "deepmerge": {
      "version": "1.5.2",
      "resolved": "http://172.19.12.171:4873/deepmerge/-/deepmerge-1.5.2.tgz",
      "integrity": "sha1-EEmdhohEza1P7ghC34x/bwyVp1M="
    },
    "element-resize-detector": {
      "version": "1.2.0",
      "resolved": "http://172.19.12.171:4873/element-resize-detector/-/element-resize-detector-1.2.0.tgz",
      "integrity": "sha1-YzRP1vTl7P9vAY0Cfheygf1Pozg=",
      "requires": {
        "batch-processor": "1.0.0"
      }
    },
    "element-ui": {
      "version": "2.13.0",
      "resolved": "http://172.19.12.171:4873/element-ui/-/element-ui-2.13.0.tgz",
      "integrity": "sha1-9rsE5bCnbqX2JGYES3dEB7pOvS0=",
      "requires": {
        "async-validator": "~1.8.1",
        "babel-helper-vue-jsx-merge-props": "^2.0.0",
        "deepmerge": "^1.2.0",
        "normalize-wheel": "^1.0.1",
        "resize-observer-polyfill": "^1.5.0",
        "throttle-debounce": "^1.0.1"
      }
    },
    "es6-promise": {
      "version": "4.2.8",
      "resolved": "http://172.19.12.171:4873/es6-promise/-/es6-promise-4.2.8.tgz",
      "integrity": "sha1-TrIVlMlyvEBVPSduUQU5FD21Pgo="
    },
    "iview": {
      "version": "3.5.4",
      "resolved": "http://172.19.12.171:4873/iview/-/iview-3.5.4.tgz",
      "integrity": "sha1-1Ra5LnO2F/Lcf0WDH5kFnWmTL4I=",
      "requires": {
        "async-validator": "^1.12.2",
        "deepmerge": "^2.2.1",
        "element-resize-detector": "^1.2.0",
        "js-calendar": "^1.2.3",
        "lodash.throttle": "^4.1.1",
        "popper.js": "^1.14.6",
        "tinycolor2": "^1.4.1",
        "v-click-outside-x": "^4.0.19"
      },
      "dependencies": {
        "async-validator": {
          "version": "1.12.2",
          "resolved": "http://172.19.12.171:4873/async-validator/-/async-validator-1.12.2.tgz",
          "integrity": "sha1-vq5nHnF00pOLe0tp0vt+cit/1yw="
        },
        "deepmerge": {
          "version": "2.2.1",
          "resolved": "http://172.19.12.171:4873/deepmerge/-/deepmerge-2.2.1.tgz",
          "integrity": "sha1-XT/yKgHAD2RUBaL7wX0HeKGAEXA="
        }
      }
    },
    "js-calendar": {
      "version": "1.2.3",
      "resolved": "http://172.19.12.171:4873/js-calendar/-/js-calendar-1.2.3.tgz",
      "integrity": "sha1-pYOwZEtOaVujlPNE0QPbzHp6fT4="
    },
    "lodash.throttle": {
      "version": "4.1.1",
      "resolved": "http://172.19.12.171:4873/lodash.throttle/-/lodash.throttle-4.1.1.tgz",
      "integrity": "sha1-wj6RtxAkKscMN/HhzaknTMOb8vQ="
    },
    "normalize-wheel": {
      "version": "1.0.1",
      "resolved": "http://172.19.12.171:4873/normalize-wheel/-/normalize-wheel-1.0.1.tgz",
      "integrity": "sha1-rsiGr/2wRQcNhWRH32Ls+GFG7EU="
    },
    "popper.js": {
      "version": "1.16.0",
      "resolved": "http://172.19.12.171:4873/popper.js/-/popper.js-1.16.0.tgz",
      "integrity": "sha1-LhgWvLuqUY6mwuFaRm9Mucbi+7M="
    },
    "regenerator-runtime": {
      "version": "0.11.1",
      "resolved": "http://172.19.12.171:4873/regenerator-runtime/-/regenerator-runtime-0.11.1.tgz",
      "integrity": "sha1-vgWtf5v30i4Fb5cmzuUBf78Z4uk="
    },
    "resize-observer-polyfill": {
      "version": "1.5.1",
      "resolved": "http://172.19.12.171:4873/resize-observer-polyfill/-/resize-observer-polyfill-1.5.1.tgz",
      "integrity": "sha1-DpAg3T0hAkRY1OvSfiPkAmmBBGQ="
    },
    "rxjs": {
      "version": "6.5.4",
      "resolved": "http://172.19.12.171:4873/rxjs/-/rxjs-6.5.4.tgz",
      "integrity": "sha1-4Hd/4NGEzseHLfFH8wNXLUFOIRw=",
      "requires": {
        "tslib": "^1.9.0"
      }
    },
    "throttle-debounce": {
      "version": "1.1.0",
      "resolved": "http://172.19.12.171:4873/throttle-debounce/-/throttle-debounce-1.1.0.tgz",
      "integrity": "sha1-UYU9o3vmihVctugns1FKPEIuic0="
    },
    "tinycolor2": {
      "version": "1.4.1",
      "resolved": "http://172.19.12.171:4873/tinycolor2/-/tinycolor2-1.4.1.tgz",
      "integrity": "sha1-9PrTM0R7wLB9TcjpIJ2POaisd+g="
    },
    "tslib": {
      "version": "1.10.0",
      "resolved": "http://172.19.12.171:4873/tslib/-/tslib-1.10.0.tgz",
      "integrity": "sha1-w8GflZc/sKYpc/sJ2Q2WHuQ+XIo="
    },
    "v-click-outside-x": {
      "version": "4.0.19",
      "resolved": "http://172.19.12.171:4873/v-click-outside-x/-/v-click-outside-x-4.0.19.tgz",
      "integrity": "sha1-Y/wuaOmbNIb95CCUNawO07Z9o/w="
    },
    "vue": {
      "version": "2.6.11",
      "resolved": "http://172.19.12.171:4873/vue/-/vue-2.6.11.tgz",
      "integrity": "sha1-dllNh31LEiNEBuhONSdcbVFBJcU="
    },
    "vue-fragment": {
      "version": "1.5.1",
      "resolved": "http://172.19.12.171:4873/vue-fragment/-/vue-fragment-1.5.1.tgz",
      "integrity": "sha1-RMBw1V7R6abGmO9Xpcg/ZLsG/us="
    },
    "vue-pano": {
      "version": "1.4.1",
      "resolved": "http://172.19.12.171:4873/vue-pano/-/vue-pano-1.4.1.tgz",
      "integrity": "sha1-OPtzy+bX411TWMiDoH4ldDuuv0I=",
      "requires": {
        "@babel/runtime": "^7.1.2",
        "es6-promise": "^4.2.5",
        "vue": "^2.5.17"
      }
    },
    "vue-router": {
      "version": "3.1.3",
      "resolved": "http://172.19.12.171:4873/vue-router/-/vue-router-3.1.3.tgz",
      "integrity": "sha1-5rFPq8DA7p/aDiy72nSzUOKOQSs="
    },
    "vuex": {
      "version": "3.1.2",
      "resolved": "http://172.19.12.171:4873/vuex/-/vuex-3.1.2.tgz",
      "integrity": "sha1-ooY/QAWqc/JYflXD+t8/AfacfU0="
    }
  }
}
